
Microsoft Visual Studio Solution File, Format Version 12.00
# Visual Studio Version 16
VisualStudioVersion = 16.0.31729.503
MinimumVisualStudioVersion = 10.0.40219.1
Project("{FAE04EC0-301F-11D3-BF4B-00C04F79EFBC}") = "Vaccination_Application", "Vaccination_Application\Vaccination_Application.csproj", "{CC067B20-F24D-49B7-A2A4-59AB06F29A0C}"
EndProject
Global
	GlobalSection(SolutionConfigurationPlatforms) = preSolution
		Debug|Any CPU = Debug|Any CPU
		Release|Any CPU = Release|Any CPU
	EndGlobalSection
	GlobalSection(ProjectConfigurationPlatforms) = postSolution
		{CC067B20-F24D-49B7-A2A4-59AB06F29A0C}.Debug|Any CPU.ActiveCfg = Debug|Any CPU
		{CC067B20-F24D-49B7-A2A4-59AB06F29A0C}.Debug|Any CPU.Build.0 = Debug|Any CPU
		{CC067B20-F24D-49B7-A2A4-59AB06F29A0C}.Release|Any CPU.ActiveCfg = Release|Any CPU
		{CC067B20-F24D-49B7-A2A4-59AB06F29A0C}.Release|Any CPU.Build.0 = Release|Any CPU
	EndGlobalSection
	GlobalSection(SolutionProperties) = preSolution
		HideSolutionNode = FALSE
	EndGlobalSection
	GlobalSection(ExtensibilityGlobals) = postSolution
		SolutionGuid = {3757977E-F998-4E3E-92A6-AF029585E7F8}
	EndGlobalSection
EndGlobal
